Microsoft Visual Studio Solution File, Format Version 12.00
# Visual Studio Version 17
VisualStudioVersion = 17.5.2.0
MinimumVisualStudioVersion = 10.0.40219.1
Project("{FAE04EC0-301F-11D3-BF4B-00C04F79EFBC}") = "TVSimulator", "TVSimulator.csproj", "{232A852B-2A57-7E1D-B8A2-1EF0D9F4870E}"
EndProject
Global
	GlobalSection(SolutionConfigurationPlatforms) = preSolution
		Debug|Any CPU = Debug|Any CPU
		Release|Any CPU = Release|Any CPU
	EndGlobalSection
	GlobalSection(ProjectConfigurationPlatforms) = postSolution
		{232A852B-2A57-7E1D-B8A2-1EF0D9F4870E}.Debug|Any CPU.ActiveCfg = Debug|Any CPU
		{232A852B-2A57-7E1D-B8A2-1EF0D9F4870E}.Debug|Any CPU.Build.0 = Debug|Any CPU
		{232A852B-2A57-7E1D-B8A2-1EF0D9F4870E}.Release|Any CPU.ActiveCfg = Release|Any CPU
		{232A852B-2A57-7E1D-B8A2-1EF0D9F4870E}.Release|Any CPU.Build.0 = Release|Any CPU
	EndGlobalSection
	GlobalSection(SolutionProperties) = preSolution
		HideSolutionNode = FALSE
	EndGlobalSection
	GlobalSection(ExtensibilityGlobals) = postSolution
		SolutionGuid = {A1C355B4-39B0-4053-B769-EC5F3ABEB52A}
	EndGlobalSection
EndGlobal
